
Microsoft Visual Studio Solution File, Format Version 12.00
# Visual Studio Version 17
VisualStudioVersion = 17.7.34018.315
MinimumVisualStudioVersion = 10.0.40219.1
Project("{9A19103F-16F7-4668-BE54-9A1E7A4F7556}") = "Practica2", "Ejercicio1\Practica2.csproj", "{E891A81F-E10E-46E3-A91E-C3C16035BAFB}"
EndProject
Project("{9A19103F-16F7-4668-BE54-9A1E7A4F7556}") = "Practica", "Ejercicio2\Practica.csproj", "{EE76353E-0205-4537-8897-2CC7D2B8FBEA}"
EndProject
Project("{9A19103F-16F7-4668-BE54-9A1E7A4F7556}") = "EjercicioA.02", "EjercicioBasico02\EjercicioA.02.csproj", "{6E0A484C-3768-4934-8A00-8ACE74671615}"
EndProject
Project("{9A19103F-16F7-4668-BE54-9A1E7A4F7556}") = "EjercicioA.04", "EjerciciosBasicos04\EjercicioA.04.csproj", "{0A7E54A2-6E43-41F6-9C1C-CBFB6D727236}"
EndProject
Project("{9A19103F-16F7-4668-BE54-9A1E7A4F7556}") = "EjercicioA.05", "EjercicioA.05\EjercicioA.05.csproj", "{B7BADFFF-B238-4099-A0A0-C3687DCEC726}"
EndProject
Project("{9A19103F-16F7-4668-BE54-9A1E7A4F7556}") = "EjercicioA.06", "EjercicioA06\EjercicioA.06.csproj", "{6247E728-C5D8-4649-AB7C-7DE6788E4302}"
EndProject
Project("{9A19103F-16F7-4668-BE54-9A1E7A4F7556}") = "EjercicioA.07", "EjercicioA.07\EjercicioA.07.csproj", "{BC98D4FC-9D18-4ACA-BF24-ACB4DC5A7959}"
EndProject
Project("{9A19103F-16F7-4668-BE54-9A1E7A4F7556}") = "EjercicioA.08", "EjercicioA.08\EjercicioA.08.csproj", "{3AA6B0C7-046E-4DA1-A57F-8DC356251DB5}"
EndProject
Project("{2150E333-8FDC-42A3-9474-1A3956D46DE8}") = "EjerciciosClase1", "EjerciciosClase1", "{C187FDEA-62D2-4A9B-827A-DB08CA500DA2}"
EndProject
Project("{2150E333-8FDC-42A3-9474-1A3956D46DE8}") = "pruebas", "pruebas", "{E61EAABA-CBCC-4E67-98CC-E676ADA03823}"
EndProject
Project("{2150E333-8FDC-42A3-9474-1A3956D46DE8}") = "EjerciciosClase2", "EjerciciosClase2", "{D2845CEB-D66D-4966-BF2F-4A3E2727B651}"
EndProject
Project("{9A19103F-16F7-4668-BE54-9A1E7A4F7556}") = "EjercicioB.01", "EjercicioI.01\EjercicioB.01.csproj", "{6D2204A9-68A0-4BE3-8912-53A5E5752E47}"
EndProject
Project("{9A19103F-16F7-4668-BE54-9A1E7A4F7556}") = "EjercicioA.09", "EjercicioA.09\EjercicioA.09.csproj", "{D78AEF69-DBB8-4364-94EE-AF90CC5F9928}"
EndProject
Project("{9A19103F-16F7-4668-BE54-9A1E7A4F7556}") = "EjercicioA.10", "EjercicioA.10\EjercicioA.10.csproj", "{2644FAFC-4753-42C1-850E-10B74DBC9220}"
EndProject
Project("{9A19103F-16F7-4668-BE54-9A1E7A4F7556}") = "EjercicioB.02", "Ejercicio.02\EjercicioB.02.csproj", "{1AC11660-3E43-4F06-856F-5D5CB96E91B0}"
EndProject
Project("{9A19103F-16F7-4668-BE54-9A1E7A4F7556}") = "EjercicioB.03", "EjercicioB.03\EjercicioB.03.csproj", "{56EA54A8-21E3-49D8-B837-992895F87C1E}"
EndProject
Project("{9A19103F-16F7-4668-BE54-9A1E7A4F7556}") = "EjercicioB.04", "EjercicioB.04\EjercicioB.04.csproj", "{AB0E0D80-FBE8-4D7E-B8C6-B65E3E3BF4AF}"
EndProject
Project("{9A19103F-16F7-4668-BE54-9A1E7A4F7556}") = "EjercicioB.05", "EjercicioB.05\EjercicioB.05.csproj", "{6F400F5C-5D3D-4178-9531-90317C4AD0BB}"
EndProject
Project("{2150E333-8FDC-42A3-9474-1A3956D46DE8}") = "EjerciciosClase3", "EjerciciosClase3", "{C069C4EC-D180-40C9-8F45-03837B20FA51}"
EndProject
Project("{9A19103F-16F7-4668-BE54-9A1E7A4F7556}") = "EjercicioClase.01", "EjercicioClase.01\EjercicioClase.01.csproj", "{28BA79F9-6526-4914-B56B-1D9B864549FE}"
EndProject
Project("{9A19103F-16F7-4668-BE54-9A1E7A4F7556}") = "EjercicioC.01", "EjercicioC.01\EjercicioC.01.csproj", "{5BF2AA69-7065-4AD9-AFC4-880409D8BE06}"
EndProject
Project("{9A19103F-16F7-4668-BE54-9A1E7A4F7556}") = "EjercicioC.02", "EjercicioC.02\EjercicioC.02.csproj", "{BFCB6F82-109C-4C65-A363-0B2B694E260B}"
EndProject
Project("{9A19103F-16F7-4668-BE54-9A1E7A4F7556}") = "EjercicioC.03", "EjercicioC.03\EjercicioC.03.csproj", "{80A79A66-5888-405D-993C-C0DA356135FE}"
EndProject
Project("{FAE04EC0-301F-11D3-BF4B-00C04F79EFBC}") = "miPrimerForm", "miPrimerForm\miPrimerForm.csproj", "{1ADB14D2-EA1E-495E-9AB3-3C7B428CC6A8}"
EndProject
Project("{2150E333-8FDC-42A3-9474-1A3956D46DE8}") = "EjerciciosClase5", "EjerciciosClase5", "{C77ECBD9-C719-42E3-B145-2BF2FD43B40C}"
EndProject
Project("{FAE04EC0-301F-11D3-BF4B-00C04F79EFBC}") = "Ejercicio5.03", "Ejercicio5.03\Ejercicio5.03.csproj", "{C7844B2C-117D-4609-BC6E-95FAD8A0BA86}"
EndProject
Global
	GlobalSection(SolutionConfigurationPlatforms) = preSolution
		Debug|Any CPU = Debug|Any CPU
		Release|Any CPU = Release|Any CPU
	EndGlobalSection
	GlobalSection(ProjectConfigurationPlatforms) = postSolution
		{E891A81F-E10E-46E3-A91E-C3C16035BAFB}.Debug|Any CPU.ActiveCfg = Debug|Any CPU
		{E891A81F-E10E-46E3-A91E-C3C16035BAFB}.Debug|Any CPU.Build.0 = Debug|Any CPU
		{E891A81F-E10E-46E3-A91E-C3C16035BAFB}.Release|Any CPU.ActiveCfg = Release|Any CPU
		{E891A81F-E10E-46E3-A91E-C3C16035BAFB}.Release|Any CPU.Build.0 = Release|Any CPU
		{EE76353E-0205-4537-8897-2CC7D2B8FBEA}.Debug|Any CPU.ActiveCfg = Debug|Any CPU
		{EE76353E-0205-4537-8897-2CC7D2B8FBEA}.Debug|Any CPU.Build.0 = Debug|Any CPU
		{EE76353E-0205-4537-8897-2CC7D2B8FBEA}.Release|Any CPU.ActiveCfg = Release|Any CPU
		{EE76353E-0205-4537-8897-2CC7D2B8FBEA}.Release|Any CPU.Build.0 = Release|Any CPU
		{6E0A484C-3768-4934-8A00-8ACE74671615}.Debug|Any CPU.ActiveCfg = Debug|Any CPU
		{6E0A484C-3768-4934-8A00-8ACE74671615}.Debug|Any CPU.Build.0 = Debug|Any CPU
		{6E0A484C-3768-4934-8A00-8ACE74671615}.Release|Any CPU.ActiveCfg = Release|Any CPU
		{6E0A484C-3768-4934-8A00-8ACE74671615}.Release|Any CPU.Build.0 = Release|Any CPU
		{0A7E54A2-6E43-41F6-9C1C-CBFB6D727236}.Debug|Any CPU.ActiveCfg = Debug|Any CPU
		{0A7E54A2-6E43-41F6-9C1C-CBFB6D727236}.Debug|Any CPU.Build.0 = Debug|Any CPU
		{0A7E54A2-6E43-41F6-9C1C-CBFB6D727236}.Release|Any CPU.ActiveCfg = Release|Any CPU
		{0A7E54A2-6E43-41F6-9C1C-CBFB6D727236}.Release|Any CPU.Build.0 = Release|Any CPU
		{B7BADFFF-B238-4099-A0A0-C3687DCEC726}.Debug|Any CPU.ActiveCfg = Debug|Any CPU
		{B7BADFFF-B238-4099-A0A0-C3687DCEC726}.Debug|Any CPU.Build.0 = Debug|Any CPU
		{B7BADFFF-B238-4099-A0A0-C3687DCEC726}.Release|Any CPU.ActiveCfg = Release|Any CPU
		{B7BADFFF-B238-4099-A0A0-C3687DCEC726}.Release|Any CPU.Build.0 = Release|Any CPU
		{6247E728-C5D8-4649-AB7C-7DE6788E4302}.Debug|Any CPU.ActiveCfg = Debug|Any CPU
		{6247E728-C5D8-4649-AB7C-7DE6788E4302}.Debug|Any CPU.Build.0 = Debug|Any CPU
		{6247E728-C5D8-4649-AB7C-7DE6788E4302}.Release|Any CPU.ActiveCfg = Release|Any CPU
		{6247E728-C5D8-4649-AB7C-7DE6788E4302}.Release|Any CPU.Build.0 = Release|Any CPU
		{BC98D4FC-9D18-4ACA-BF24-ACB4DC5A7959}.Debug|Any CPU.ActiveCfg = Debug|Any CPU
		{BC98D4FC-9D18-4ACA-BF24-ACB4DC5A7959}.Debug|Any CPU.Build.0 = Debug|Any CPU
		{BC98D4FC-9D18-4ACA-BF24-ACB4DC5A7959}.Release|Any CPU.ActiveCfg = Release|Any CPU
		{BC98D4FC-9D18-4ACA-BF24-ACB4DC5A7959}.Release|Any CPU.Build.0 = Release|Any CPU
		{3AA6B0C7-046E-4DA1-A57F-8DC356251DB5}.Debug|Any CPU.ActiveCfg = Debug|Any CPU
		{3AA6B0C7-046E-4DA1-A57F-8DC356251DB5}.Debug|Any CPU.Build.0 = Debug|Any CPU
		{3AA6B0C7-046E-4DA1-A57F-8DC356251DB5}.Release|Any CPU.ActiveCfg = Release|Any CPU
		{3AA6B0C7-046E-4DA1-A57F-8DC356251DB5}.Release|Any CPU.Build.0 = Release|Any CPU
		{6D2204A9-68A0-4BE3-8912-53A5E5752E47}.Debug|Any CPU.ActiveCfg = Debug|Any CPU
		{6D2204A9-68A0-4BE3-8912-53A5E5752E47}.Debug|Any CPU.Build.0 = Debug|Any CPU
		{6D2204A9-68A0-4BE3-8912-53A5E5752E47}.Release|Any CPU.ActiveCfg = Release|Any CPU
		{6D2204A9-68A0-4BE3-8912-53A5E5752E47}.Release|Any CPU.Build.0 = Release|Any CPU
		{D78AEF69-DBB8-4364-94EE-AF90CC5F9928}.Debug|Any CPU.ActiveCfg = Debug|Any CPU
		{D78AEF69-DBB8-4364-94EE-AF90CC5F9928}.Debug|Any CPU.Build.0 = Debug|Any CPU
		{D78AEF69-DBB8-4364-94EE-AF90CC5F9928}.Release|Any CPU.ActiveCfg = Release|Any CPU
		{D78AEF69-DBB8-4364-94EE-AF90CC5F9928}.Release|Any CPU.Build.0 = Release|Any CPU
		{2644FAFC-4753-42C1-850E-10B74DBC9220}.Debug|Any CPU.ActiveCfg = Debug|Any CPU
		{2644FAFC-4753-42C1-850E-10B74DBC9220}.Debug|Any CPU.Build.0 = Debug|Any CPU
		{2644FAFC-4753-42C1-850E-10B74DBC9220}.Release|Any CPU.ActiveCfg = Release|Any CPU
		{2644FAFC-4753-42C1-850E-10B74DBC9220}.Release|Any CPU.Build.0 = Release|Any CPU
		{1AC11660-3E43-4F06-856F-5D5CB96E91B0}.Debug|Any CPU.ActiveCfg = Debug|Any CPU
		{1AC11660-3E43-4F06-856F-5D5CB96E91B0}.Debug|Any CPU.Build.0 = Debug|Any CPU
		{1AC11660-3E43-4F06-856F-5D5CB96E91B0}.Release|Any CPU.ActiveCfg = Release|Any CPU
		{1AC11660-3E43-4F06-856F-5D5CB96E91B0}.Release|Any CPU.Build.0 = Release|Any CPU
		{56EA54A8-21E3-49D8-B837-992895F87C1E}.Debug|Any CPU.ActiveCfg = Debug|Any CPU
		{56EA54A8-21E3-49D8-B837-992895F87C1E}.Debug|Any CPU.Build.0 = Debug|Any CPU
		{56EA54A8-21E3-49D8-B837-992895F87C1E}.Release|Any CPU.ActiveCfg = Release|Any CPU
		{56EA54A8-21E3-49D8-B837-992895F87C1E}.Release|Any CPU.Build.0 = Release|Any CPU
		{AB0E0D80-FBE8-4D7E-B8C6-B65E3E3BF4AF}.Debug|Any CPU.ActiveCfg = Debug|Any CPU
		{AB0E0D80-FBE8-4D7E-B8C6-B65E3E3BF4AF}.Debug|Any CPU.Build.0 = Debug|Any CPU
		{AB0E0D80-FBE8-4D7E-B8C6-B65E3E3BF4AF}.Release|Any CPU.ActiveCfg = Release|Any CPU
		{AB0E0D80-FBE8-4D7E-B8C6-B65E3E3BF4AF}.Release|Any CPU.Build.0 = Release|Any CPU
		{6F400F5C-5D3D-4178-9531-90317C4AD0BB}.Debug|Any CPU.ActiveCfg = Debug|Any CPU
		{6F400F5C-5D3D-4178-9531-90317C4AD0BB}.Debug|Any CPU.Build.0 = Debug|Any CPU
		{6F400F5C-5D3D-4178-9531-90317C4AD0BB}.Release|Any CPU.ActiveCfg = Release|Any CPU
		{6F400F5C-5D3D-4178-9531-90317C4AD0BB}.Release|Any CPU.Build.0 = Release|Any CPU
		{28BA79F9-6526-4914-B56B-1D9B864549FE}.Debug|Any CPU.ActiveCfg = Debug|Any CPU
		{28BA79F9-6526-4914-B56B-1D9B864549FE}.Debug|Any CPU.Build.0 = Debug|Any CPU
		{28BA79F9-6526-4914-B56B-1D9B864549FE}.Release|Any CPU.ActiveCfg = Release|Any CPU
		{28BA79F9-6526-4914-B56B-1D9B864549FE}.Release|Any CPU.Build.0 = Release|Any CPU
		{5BF2AA69-7065-4AD9-AFC4-880409D8BE06}.Debug|Any CPU.ActiveCfg = Debug|Any CPU
		{5BF2AA69-7065-4AD9-AFC4-880409D8BE06}.Debug|Any CPU.Build.0 = Debug|Any CPU
		{5BF2AA69-7065-4AD9-AFC4-880409D8BE06}.Release|Any CPU.ActiveCfg = Release|Any CPU
		{5BF2AA69-7065-4AD9-AFC4-880409D8BE06}.Release|Any CPU.Build.0 = Release|Any CPU
		{BFCB6F82-109C-4C65-A363-0B2B694E260B}.Debug|Any CPU.ActiveCfg = Debug|Any CPU
		{BFCB6F82-109C-4C65-A363-0B2B694E260B}.Debug|Any CPU.Build.0 = Debug|Any CPU
		{BFCB6F82-109C-4C65-A363-0B2B694E260B}.Release|Any CPU.ActiveCfg = Release|Any CPU
		{BFCB6F82-109C-4C65-A363-0B2B694E260B}.Release|Any CPU.Build.0 = Release|Any CPU
		{80A79A66-5888-405D-993C-C0DA356135FE}.Debug|Any CPU.ActiveCfg = Debug|Any CPU
		{80A79A66-5888-405D-993C-C0DA356135FE}.Debug|Any CPU.Build.0 = Debug|Any CPU
		{80A79A66-5888-405D-993C-C0DA356135FE}.Release|Any CPU.ActiveCfg = Release|Any CPU
		{80A79A66-5888-405D-993C-C0DA356135FE}.Release|Any CPU.Build.0 = Release|Any CPU
		{1ADB14D2-EA1E-495E-9AB3-3C7B428CC6A8}.Debug|Any CPU.ActiveCfg = Debug|Any CPU
		{1ADB14D2-EA1E-495E-9AB3-3C7B428CC6A8}.Debug|Any CPU.Build.0 = Debug|Any CPU
		{1ADB14D2-EA1E-495E-9AB3-3C7B428CC6A8}.Release|Any CPU.ActiveCfg = Release|Any CPU
		{1ADB14D2-EA1E-495E-9AB3-3C7B428CC6A8}.Release|Any CPU.Build.0 = Release|Any CPU
		{C7844B2C-117D-4609-BC6E-95FAD8A0BA86}.Debug|Any CPU.ActiveCfg = Debug|Any CPU
		{C7844B2C-117D-4609-BC6E-95FAD8A0BA86}.Debug|Any CPU.Build.0 = Debug|Any CPU
		{C7844B2C-117D-4609-BC6E-95FAD8A0BA86}.Release|Any CPU.ActiveCfg = Release|Any CPU
		{C7844B2C-117D-4609-BC6E-95FAD8A0BA86}.Release|Any CPU.Build.0 = Release|Any CPU
	EndGlobalSection
	GlobalSection(SolutionProperties) = preSolution
		HideSolutionNode = FALSE
	EndGlobalSection
	GlobalSection(NestedProjects) = preSolution
		{E891A81F-E10E-46E3-A91E-C3C16035BAFB} = {E61EAABA-CBCC-4E67-98CC-E676ADA03823}
		{EE76353E-0205-4537-8897-2CC7D2B8FBEA} = {E61EAABA-CBCC-4E67-98CC-E676ADA03823}
		{6E0A484C-3768-4934-8A00-8ACE74671615} = {C187FDEA-62D2-4A9B-827A-DB08CA500DA2}
		{0A7E54A2-6E43-41F6-9C1C-CBFB6D727236} = {C187FDEA-62D2-4A9B-827A-DB08CA500DA2}
		{B7BADFFF-B238-4099-A0A0-C3687DCEC726} = {C187FDEA-62D2-4A9B-827A-DB08CA500DA2}
		{6247E728-C5D8-4649-AB7C-7DE6788E4302} = {C187FDEA-62D2-4A9B-827A-DB08CA500DA2}
		{BC98D4FC-9D18-4ACA-BF24-ACB4DC5A7959} = {C187FDEA-62D2-4A9B-827A-DB08CA500DA2}
		{3AA6B0C7-046E-4DA1-A57F-8DC356251DB5} = {C187FDEA-62D2-4A9B-827A-DB08CA500DA2}
		{6D2204A9-68A0-4BE3-8912-53A5E5752E47} = {D2845CEB-D66D-4966-BF2F-4A3E2727B651}
		{D78AEF69-DBB8-4364-94EE-AF90CC5F9928} = {C187FDEA-62D2-4A9B-827A-DB08CA500DA2}
		{2644FAFC-4753-42C1-850E-10B74DBC9220} = {C187FDEA-62D2-4A9B-827A-DB08CA500DA2}
		{1AC11660-3E43-4F06-856F-5D5CB96E91B0} = {D2845CEB-D66D-4966-BF2F-4A3E2727B651}
		{56EA54A8-21E3-49D8-B837-992895F87C1E} = {D2845CEB-D66D-4966-BF2F-4A3E2727B651}
		{AB0E0D80-FBE8-4D7E-B8C6-B65E3E3BF4AF} = {D2845CEB-D66D-4966-BF2F-4A3E2727B651}
		{6F400F5C-5D3D-4178-9531-90317C4AD0BB} = {D2845CEB-D66D-4966-BF2F-4A3E2727B651}
		{28BA79F9-6526-4914-B56B-1D9B864549FE} = {C069C4EC-D180-40C9-8F45-03837B20FA51}
		{5BF2AA69-7065-4AD9-AFC4-880409D8BE06} = {C069C4EC-D180-40C9-8F45-03837B20FA51}
		{BFCB6F82-109C-4C65-A363-0B2B694E260B} = {C069C4EC-D180-40C9-8F45-03837B20FA51}
		{80A79A66-5888-405D-993C-C0DA356135FE} = {C069C4EC-D180-40C9-8F45-03837B20FA51}
		{1ADB14D2-EA1E-495E-9AB3-3C7B428CC6A8} = {C77ECBD9-C719-42E3-B145-2BF2FD43B40C}
		{C7844B2C-117D-4609-BC6E-95FAD8A0BA86} = {C77ECBD9-C719-42E3-B145-2BF2FD43B40C}
	EndGlobalSection
	GlobalSection(ExtensibilityGlobals) = postSolution
		SolutionGuid = {55116AA7-9252-49C5-B990-4ECD9707C698}
	EndGlobalSection
EndGlobal
